github.com/meinside/infisical-go v0.0.18 h1:7vTzMYJc6e1pKmgwrsfPfYFkGMjemNdg/6utwdgUxzc=
github.com/meinside/infisical-go v0.0.18/go.mod h1:cfQHaBT5VIzQISkrmJj/AUkyxGMoTBy8ENNEL0TJ02E=
github.com/mitsuse/pushbullet-go v0.1.0 h1:W9izHOpz8uilRBgbYSnqb+LZK/l8Ad4slRTCBFpItG0=
github.com/mitsuse/pushbullet-go v0.1.0/go.mod h1:sJ6Y3IROSfSQNLY/8gtYjq4Gs49DFnrxaqxQA6DVgnM=
